
Microsoft Visual Studio Solution File, Format Version 12.00
# Visual Studio Version 16
VisualStudioVersion = 16.0.30608.117
MinimumVisualStudioVersion = 10.0.40219.1
Project("{FAE04EC0-301F-11D3-BF4B-00C04F79EFBC}") = "WebApi", "WebApi\WebApi.csproj", "{B4066789-7543-4C87-8093-B5AD2BDF94F7}"
EndProject
Project("{FAE04EC0-301F-11D3-BF4B-00C04F79EFBC}") = "WebApp", "WebApp\WebApp.csproj", "{29933FD3-C9B0-4968-B30E-A0AE0DADCD20}"
EndProject
Global
	GlobalSection(SolutionConfigurationPlatforms) = preSolution
		Debug|Any CPU = Debug|Any CPU
		Release|Any CPU = Release|Any CPU
	EndGlobalSection
	GlobalSection(ProjectConfigurationPlatforms) = postSolution
		{B4066789-7543-4C87-8093-B5AD2BDF94F7}.Debug|Any CPU.ActiveCfg = Debug|Any CPU
		{B4066789-7543-4C87-8093-B5AD2BDF94F7}.Debug|Any CPU.Build.0 = Debug|Any CPU
		{B4066789-7543-4C87-8093-B5AD2BDF94F7}.Release|Any CPU.ActiveCfg = Release|Any CPU
		{B4066789-7543-4C87-8093-B5AD2BDF94F7}.Release|Any CPU.Build.0 = Release|Any CPU
		{29933FD3-C9B0-4968-B30E-A0AE0DADCD20}.Debug|Any CPU.ActiveCfg = Debug|Any CPU
		{29933FD3-C9B0-4968-B30E-A0AE0DADCD20}.Debug|Any CPU.Build.0 = Debug|Any CPU
		{29933FD3-C9B0-4968-B30E-A0AE0DADCD20}.Release|Any CPU.ActiveCfg = Release|Any CPU
		{29933FD3-C9B0-4968-B30E-A0AE0DADCD20}.Release|Any CPU.Build.0 = Release|Any CPU
	EndGlobalSection
	GlobalSection(SolutionProperties) = preSolution
		HideSolutionNode = FALSE
	EndGlobalSection
	GlobalSection(ExtensibilityGlobals) = postSolution
		SolutionGuid = {28AFC879-688D-4353-B60F-5295DA8D76A2}
	EndGlobalSection
EndGlobal
